// !$*UTF8*$!
{
	archiveVersion = 1;
	classes = {
	};
	objectVersion = 46;
	objects = {

/* Begin PBXBuildFile section */
		54A8EFFB1AB099640033226A /* CoreDataViewController.m in Sources */ = {isa = PBXBuildFile; fileRef = 54A8EFFA1AB099640033226A /* CoreDataViewController.m */; };
		54A8EFFE1AB09A0B0033226A /* Model.xcdatamodeld in Sources */ = {isa = PBXBuildFile; fileRef = 54A8EFFC1AB09A0B0033226A /* Model.xcdatamodeld */; };
		54A8F0041AB0A4240033226A /* Person.m in Sources */ = {isa = PBXBuildFile; fileRef = 54A8F0031AB0A4240033226A /* Person.m */; };
		6003F58E195388D20070C39A /* Foundation.framework in Frameworks */ = {isa = PBXBuildFile; fileRef = 6003F58D195388D20070C39A /* Foundation.framework */; };
		6003F590195388D20070C39A /* CoreGraphics.framework in Frameworks */ = {isa = PBXBuildFile; fileRef = 6003F58F195388D20070C39A /* CoreGraphics.framework */; };
		6003F592195388D20070C39A /* UIKit.framework in Frameworks */ = {isa = PBXBuildFile; fileRef = 6003F591195388D20070C39A /* UIKit.framework */; };
		6003F598195388D20070C39A /* InfoPlist.strings in Resources */ = {isa = PBXBuildFile; fileRef = 6003F596195388D20070C39A /* InfoPlist.strings */; };
		6003F59A195388D20070C39A /* main.m in Sources */ = {isa = PBXBuildFile; fileRef = 6003F599195388D20070C39A /* main.m */; };
		6003F59E195388D20070C39A /* SPXAppDelegate.m in Sources */ = {isa = PBXBuildFile; fileRef = 6003F59D195388D20070C39A /* SPXAppDelegate.m */; };
		6003F5A1195388D20070C39A /* Main_iPhone.storyboard in Resources */ = {isa = PBXBuildFile; fileRef = 6003F59F195388D20070C39A /* Main_iPhone.storyboard */; };
		6003F5A4195388D20070C39A /* Main_iPad.storyboard in Resources */ = {isa = PBXBuildFile; fileRef = 6003F5A2195388D20070C39A /* Main_iPad.storyboard */; };
		6003F5A7195388D20070C39A /* ArrayViewController.m in Sources */ = {isa = PBXBuildFile; fileRef = 6003F5A6195388D20070C39A /* ArrayViewController.m */; };
		6003F5A9195388D20070C39A /* Images.xcassets in Resources */ = {isa = PBXBuildFile; fileRef = 6003F5A8195388D20070C39A /* Images.xcassets */; };
		6003F5B0195388D20070C39A /* XCTest.framework in Frameworks */ = {isa = PBXBuildFile; fileRef = 6003F5AF195388D20070C39A /* XCTest.framework */; };
		6003F5B1195388D20070C39A /* Foundation.framework in Frameworks */ = {isa = PBXBuildFile; fileRef = 6003F58D195388D20070C39A /* Foundation.framework */; };
		6003F5B2195388D20070C39A /* UIKit.framework in Frameworks */ = {isa = PBXBuildFile; fileRef = 6003F591195388D20070C39A /* UIKit.framework */; };
		6003F5BA195388D20070C39A /* InfoPlist.strings in Resources */ = {isa = PBXBuildFile; fileRef = 6003F5B8195388D20070C39A /* InfoPlist.strings */; };
		6003F5BC195388D20070C39A /* Tests.m in Sources */ = {isa = PBXBuildFile; fileRef = 6003F5BB195388D20070C39A /* Tests.m */; };
		804A94B32E8242213FAB9EA8 /* libPods-SPXDataSources.a in Frameworks */ = {isa = PBXBuildFile; fileRef = AE33F7CBA93DE9F522718291 /* libPods-SPXDataSources.a */; };
		E5DD4DD4C7846C897AF01BED /* libPods-Tests.a in Frameworks */ = {isa = PBXBuildFile; fileRef = AB22967FE97BC4DFC146EC3C /* libPods-Tests.a */; };
/* End PBXBuildFile section */

/* Begin PBXContainerItemProxy section */
		6003F5B3195388D20070C39A /* PBXContainerItemProxy */ = {
			isa = PBXContainerItemProxy;
			containerPortal = 6003F582195388D10070C39A /* Project object */;
			proxyType = 1;
			remoteGlobalIDString = 6003F589195388D20070C39A;
			remoteInfo = SPXDataSources;
		};
/* End PBXContainerItemProxy section */

/* Begin PBXFileReference section */
		4DE569FFFAB69444047AF584 /* SPXDataSources.podspec */ = {isa = PBXFileReference; includeInIndex = 1; lastKnownFileType = text; name = SPXDataSources.podspec; path = ../SPXDataSources.podspec; sourceTree = "<group>"; };
		5429E91C1AB094CE00E92759 /* SPXDataService.h */ = {isa = PBXFileReference; lastKnownFileType = sourcecode.c.h; path = SPXDataService.h; sourceTree = "<group>"; };
		5429E91D1AB0968100E92759 /* SPXNetworkDataService.h */ = {isa = PBXFileReference; fileEncoding = 4; lastKnownFileType = sourcecode.c.h; path = SPXNetworkDataService.h; sourceTree = "<group>"; };
		5429E91E1AB0968100E92759 /* SPXNetworkDataService.m */ = {isa = PBXFileReference; fileEncoding = 4; lastKnownFileType = sourcecode.c.objc; path = SPXNetworkDataService.m; sourceTree = "<group>"; };
		54A8EFF91AB099640033226A /* CoreDataViewController.h */ = {isa = PBXFileReference; fileEncoding = 4; lastKnownFileType = sourcecode.c.h; path = CoreDataViewController.h; sourceTree = "<group>"; };
		54A8EFFA1AB099640033226A /* CoreDataViewController.m */ = {isa = PBXFileReference; fileEncoding = 4; lastKnownFileType = sourcecode.c.objc; path = CoreDataViewController.m; sourceTree = "<group>"; };
		54A8EFFD1AB09A0B0033226A /* Model.xcdatamodel */ = {isa = PBXFileReference; lastKnownFileType = wrapper.xcdatamodel; path = Model.xcdatamodel; sourceTree = "<group>"; };
		54A8F0021AB0A4240033226A /* Person.h */ = {isa = PBXFileReference; fileEncoding = 4; lastKnownFileType = sourcecode.c.h; path = Person.h; sourceTree = "<group>"; };
		54A8F0031AB0A4240033226A /* Person.m */ = {isa = PBXFileReference; fileEncoding = 4; lastKnownFileType = sourcecode.c.objc; path = Person.m; sourceTree = "<group>"; };
		54E0530A1A85838D00B01B07 /* SPXDataCoordinator+UICollectionView.h */ = {isa = PBXFileReference; lastKnownFileType = sourcecode.c.h; path = "SPXDataCoordinator+UICollectionView.h"; sourceTree = "<group>"; };
		54E0530B1A85838D00B01B07 /* SPXDataCoordinator+UICollectionView.m */ = {isa = PBXFileReference; lastKnownFileType = sourcecode.c.objc; path = "SPXDataCoordinator+UICollectionView.m"; sourceTree = "<group>"; };
		54E0530C1A85838D00B01B07 /* SPXDataCoordinator+UITableView.h */ = {isa = PBXFileReference; lastKnownFileType = sourcecode.c.h; path = "SPXDataCoordinator+UITableView.h"; sourceTree = "<group>"; };
		54E0530D1A85838D00B01B07 /* SPXDataCoordinator+UITableView.m */ = {isa = PBXFileReference; lastKnownFileType = sourcecode.c.objc; path = "SPXDataCoordinator+UITableView.m"; sourceTree = "<group>"; };
		54E0530E1A85838D00B01B07 /* SPXDataCoordinator.h */ = {isa = PBXFileReference; lastKnownFileType = sourcecode.c.h; path = SPXDataCoordinator.h; sourceTree = "<group>"; };
		54E0530F1A85838D00B01B07 /* SPXDataCoordinator.m */ = {isa = PBXFileReference; lastKnownFileType = sourcecode.c.objc; path = SPXDataCoordinator.m; sourceTree = "<group>"; };
		54E053111A85838D00B01B07 /* SPXArrayConfiguration.h */ = {isa = PBXFileReference; lastKnownFileType = sourcecode.c.h; path = SPXArrayConfiguration.h; sourceTree = "<group>"; };
		54E053121A85838D00B01B07 /* SPXArrayConfiguration.m */ = {isa = PBXFileReference; lastKnownFileType = sourcecode.c.objc; path = SPXArrayConfiguration.m; sourceTree = "<group>"; };
		54E053131A85838D00B01B07 /* SPXArrayDataProvider.h */ = {isa = PBXFileReference; lastKnownFileType = sourcecode.c.h; path = SPXArrayDataProvider.h; sourceTree = "<group>"; };
		54E053141A85838D00B01B07 /* SPXArrayDataProvider.m */ = {isa = PBXFileReference; lastKnownFileType = sourcecode.c.objc; path = SPXArrayDataProvider.m; sourceTree = "<group>"; };
		54E053151A85838D00B01B07 /* SPXCoreDataConfiguration.h */ = {isa = PBXFileReference; lastKnownFileType = sourcecode.c.h; path = SPXCoreDataConfiguration.h; sourceTree = "<group>"; };
		54E053161A85838D00B01B07 /* SPXCoreDataConfiguration.m */ = {isa = PBXFileReference; lastKnownFileType = sourcecode.c.objc; path = SPXCoreDataConfiguration.m; sourceTree = "<group>"; };
		54E053171A85838D00B01B07 /* SPXCoreDataDataProvider.h */ = {isa = PBXFileReference; lastKnownFileType = sourcecode.c.h; path = SPXCoreDataDataProvider.h; sourceTree = "<group>"; };
		54E053181A85838D00B01B07 /* SPXCoreDataDataProvider.m */ = {isa = PBXFileReference; lastKnownFileType = sourcecode.c.objc; path = SPXCoreDataDataProvider.m; sourceTree = "<group>"; };
		54E053191A85838D00B01B07 /* SPXDataProvider.h */ = {isa = PBXFileReference; lastKnownFileType = sourcecode.c.h; path = SPXDataProvider.h; sourceTree = "<group>"; };
		54E0531A1A85838D00B01B07 /* SPXDataProviderConfiguration.h */ = {isa = PBXFileReference; lastKnownFileType = sourcecode.c.h; path = SPXDataProviderConfiguration.h; sourceTree = "<group>"; };
		54E0531B1A85838D00B01B07 /* SPXDataProviderConfiguration.m */ = {isa = PBXFileReference; lastKnownFileType = sourcecode.c.objc; path = SPXDataProviderConfiguration.m; sourceTree = "<group>"; };
		54E0531C1A85838D00B01B07 /* SPXDataProviderSectionInfo.h */ = {isa = PBXFileReference; lastKnownFileType = sourcecode.c.h; path = SPXDataProviderSectionInfo.h; sourceTree = "<group>"; };
		54E0531D1A85838D00B01B07 /* SPXDataProviderSectionInfo.m */ = {isa = PBXFileReference; lastKnownFileType = sourcecode.c.objc; path = SPXDataProviderSectionInfo.m; sourceTree = "<group>"; };
		54E0531F1A85838D00B01B07 /* SPXDataView.h */ = {isa = PBXFileReference; lastKnownFileType = sourcecode.c.h; path = SPXDataView.h; sourceTree = "<group>"; };
		54E053201A85838D00B01B07 /* UICollectionView+SPXDataViewAdditions.h */ = {isa = PBXFileReference; lastKnownFileType = sourcecode.c.h; path = "UICollectionView+SPXDataViewAdditions.h"; sourceTree = "<group>"; };
		54E053211A85838D00B01B07 /* UICollectionView+SPXDataViewAdditions.m */ = {isa = PBXFileReference; lastKnownFileType = sourcecode.c.objc; path = "UICollectionView+SPXDataViewAdditions.m"; sourceTree = "<group>"; };
		54E053221A85838D00B01B07 /* UITableView+SPXDataViewAdditions.h */ = {isa = PBXFileReference; lastKnownFileType = sourcecode.c.h; path = "UITableView+SPXDataViewAdditions.h"; sourceTree = "<group>"; };
		54E053231A85838D00B01B07 /* UITableView+SPXDataViewAdditions.m */ = {isa = PBXFileReference; lastKnownFileType = sourcecode.c.objc; path = "UITableView+SPXDataViewAdditions.m"; sourceTree = "<group>"; };
		54E053251A8583F900B01B07 /* SPXDataSources.h */ = {isa = PBXFileReference; lastKnownFileType = sourcecode.c.h; path = SPXDataSources.h; sourceTree = "<group>"; };
		6003F58A195388D20070C39A /* SPXDataSources.app */ = {isa = PBXFileReference; explicitFileType = wrapper.application; includeInIndex = 0; path = SPXDataSources.app; sourceTree = BUILT_PRODUCTS_DIR; };
		6003F58D195388D20070C39A /* Foundation.framework */ = {isa = PBXFileReference; lastKnownFileType = wrapper.framework; name = Foundation.framework; path = System/Library/Frameworks/Foundation.framework; sourceTree = SDKROOT; };
		6003F58F195388D20070C39A /* CoreGraphics.framework */ = {isa = PBXFileReference; lastKnownFileType = wrapper.framework; name = CoreGraphics.framework; path = System/Library/Frameworks/CoreGraphics.framework; sourceTree = SDKROOT; };
		6003F591195388D20070C39A /* UIKit.framework */ = {isa = PBXFileReference; lastKnownFileType = wrapper.framework; name = UIKit.framework; path = System/Library/Frameworks/UIKit.framework; sourceTree = SDKROOT; };
		6003F595195388D20070C39A /* SPXDataSources-Info.plist */ = {isa = PBXFileReference; lastKnownFileType = text.plist.xml; path = "SPXDataSources-Info.plist"; sourceTree = "<group>"; };
		6003F597195388D20070C39A /* en */ = {isa = PBXFileReference; lastKnownFileType = text.plist.strings; name = en; path = en.lproj/InfoPlist.strings; sourceTree = "<group>"; };
		6003F599195388D20070C39A /* main.m */ = {isa = PBXFileReference; lastKnownFileType = sourcecode.c.objc; path = main.m; sourceTree = "<group>"; };
		6003F59B195388D20070C39A /* SPXDataSources-Prefix.pch */ = {isa = PBXFileReference; lastKnownFileType = sourcecode.c.h; path = "SPXDataSources-Prefix.pch"; sourceTree = "<group>"; };
		6003F59C195388D20070C39A /* SPXAppDelegate.h */ = {isa = PBXFileReference; lastKnownFileType = sourcecode.c.h; path = SPXAppDelegate.h; sourceTree = "<group>"; };
		6003F59D195388D20070C39A /* SPXAppDelegate.m */ = {isa = PBXFileReference; lastKnownFileType = sourcecode.c.objc; path = SPXAppDelegate.m; sourceTree = "<group>"; };
		6003F5A0195388D20070C39A /* Base */ = {isa = PBXFileReference; lastKnownFileType = file.storyboard; name = Base; path = Base.lproj/Main_iPhone.storyboard; sourceTree = "<group>"; };
		6003F5A3195388D20070C39A /* Base */ = {isa = PBXFileReference; lastKnownFileType = file.storyboard; name = Base; path = Base.lproj/Main_iPad.storyboard; sourceTree = "<group>"; };
		6003F5A5195388D20070C39A /* ArrayViewController.h */ = {isa = PBXFileReference; lastKnownFileType = sourcecode.c.h; path = ArrayViewController.h; sourceTree = "<group>"; };
		6003F5A6195388D20070C39A /* ArrayViewController.m */ = {isa = PBXFileReference; lastKnownFileType = sourcecode.c.objc; path = ArrayViewController.m; sourceTree = "<group>"; };
		6003F5A8195388D20070C39A /* Images.xcassets */ = {isa = PBXFileReference; lastKnownFileType = folder.assetcatalog; path = Images.xcassets; sourceTree = "<group>"; };
		6003F5AE195388D20070C39A /* Tests.xctest */ = {isa = PBXFileReference; explicitFileType = wrapper.cfbundle; includeInIndex = 0; path = Tests.xctest; sourceTree = BUILT_PRODUCTS_DIR; };
		6003F5AF195388D20070C39A /* XCTest.framework */ = {isa = PBXFileReference; lastKnownFileType = wrapper.framework; name = XCTest.framework; path = Library/Frameworks/XCTest.framework; sourceTree = DEVELOPER_DIR; };
		6003F5B7195388D20070C39A /* Tests-Info.plist */ = {isa = PBXFileReference; lastKnownFileType = text.plist.xml; path = "Tests-Info.plist"; sourceTree = "<group>"; };
		6003F5B9195388D20070C39A /* en */ = {isa = PBXFileReference; lastKnownFileType = text.plist.strings; name = en; path = en.lproj/InfoPlist.strings; sourceTree = "<group>"; };
		6003F5BB195388D20070C39A /* Tests.m */ = {isa = PBXFileReference; lastKnownFileType = sourcecode.c.objc; path = Tests.m; sourceTree = "<group>"; };
		606FC2411953D9B200FFA9A0 /* Tests-Prefix.pch */ = {isa = PBXFileReference; lastKnownFileType = sourcecode.c.h; path = "Tests-Prefix.pch"; sourceTree = "<group>"; };
		6463217C852762C235CCDECB /* README.md */ = {isa = PBXFileReference; includeInIndex = 1; lastKnownFileType = net.daringfireball.markdown; name = README.md; path = ../README.md; sourceTree = "<group>"; };
		6B7C2A411AC468D266CEE13C /* LICENSE */ = {isa = PBXFileReference; includeInIndex = 1; lastKnownFileType = text; name = LICENSE; path = ../LICENSE; sourceTree = "<group>"; };
		91A30794B15A9D8FCC876F60 /* Pods-SPXDataSources.release.xcconfig */ = {isa = PBXFileReference; includeInIndex = 1; lastKnownFileType = text.xcconfig; name = "Pods-SPXDataSources.release.xcconfig"; path = "Pods/Target Support Files/Pods-SPXDataSources/Pods-SPXDataSources.release.xcconfig"; sourceTree = "<group>"; };
		A4FBE7DA5E394FFFFC2474F4 /* Pods-SPXDataSources.debug.xcconfig */ = {isa = PBXFileReference; includeInIndex = 1; lastKnownFileType = text.xcconfig; name = "Pods-SPXDataSources.debug.xcconfig"; path = "Pods/Target Support Files/Pods-SPXDataSources/Pods-SPXDataSources.debug.xcconfig"; sourceTree = "<group>"; };
		AB22967FE97BC4DFC146EC3C /* libPods-Tests.a */ = {isa = PBXFileReference; explicitFileType = archive.ar; includeInIndex = 0; path = "libPods-Tests.a"; sourceTree = BUILT_PRODUCTS_DIR; };
		AE33F7CBA93DE9F522718291 /* libPods-SPXDataSources.a */ = {isa = PBXFileReference; explicitFileType = archive.ar; includeInIndex = 0; path = "libPods-SPXDataSources.a"; sourceTree = BUILT_PRODUCTS_DIR; };
		C39966CA5A67CBEC87535DE2 /* Pods-Tests.release.xcconfig */ = {isa = PBXFileReference; includeInIndex = 1; lastKnownFileType = text.xcconfig; name = "Pods-Tests.release.xcconfig"; path = "Pods/Target Support Files/Pods-Tests/Pods-Tests.release.xcconfig"; sourceTree = "<group>"; };
		D27220133DBC25D3AC8F5C25 /* Pods-Tests.debug.xcconfig */ = {isa = PBXFileReference; includeInIndex = 1; lastKnownFileType = text.xcconfig; name = "Pods-Tests.debug.xcconfig"; path = "Pods/Target Support Files/Pods-Tests/Pods-Tests.debug.xcconfig"; sourceTree = "<group>"; };
/* End PBXFileReference section */

/* Begin PBXFrameworksBuildPhase section */
		6003F587195388D20070C39A /* Frameworks */ = {
			isa = PBXFrameworksBuildPhase;
			buildActionMask = 2147483647;
			files = (
				6003F590195388D20070C39A /* CoreGraphics.framework in Frameworks */,
				6003F592195388D20070C39A /* UIKit.framework in Frameworks */,
				6003F58E195388D20070C39A /* Foundation.framework in Frameworks */,
				804A94B32E8242213FAB9EA8 /* libPods-SPXDataSources.a in Frameworks */,
			);
			runOnlyForDeploymentPostprocessing = 0;
		};
		6003F5AB195388D20070C39A /* Frameworks */ = {
			isa = PBXFrameworksBuildPhase;
			buildActionMask = 2147483647;
			files = (
				6003F5B0195388D20070C39A /* XCTest.framework in Frameworks */,
				6003F5B2195388D20070C39A /* UIKit.framework in Frameworks */,
				6003F5B1195388D20070C39A /* Foundation.framework in Frameworks */,
				E5DD4DD4C7846C897AF01BED /* libPods-Tests.a in Frameworks */,
			);
			runOnlyForDeploymentPostprocessing = 0;
		};
/* End PBXFrameworksBuildPhase section */

/* Begin PBXGroup section */
		5429E91B1AB094AC00E92759 /* DataServices */ = {
			isa = PBXGroup;
			children = (
				5429E91C1AB094CE00E92759 /* SPXDataService.h */,
				5429E91D1AB0968100E92759 /* SPXNetworkDataService.h */,
				5429E91E1AB0968100E92759 /* SPXNetworkDataService.m */,
			);
			path = DataServices;
			sourceTree = "<group>";
		};
		54E053081A85833700B01B07 /* Classes */ = {
			isa = PBXGroup;
			children = (
				54E053251A8583F900B01B07 /* SPXDataSources.h */,
				5429E91B1AB094AC00E92759 /* DataServices */,
				54E053091A85838D00B01B07 /* DataCoordinator */,
				54E053101A85838D00B01B07 /* DataProviders */,
				54E0531E1A85838D00B01B07 /* DataViews */,
			);
			name = Classes;
			path = ../Pod/Classes;
			sourceTree = "<group>";
		};
		54E053091A85838D00B01B07 /* DataCoordinator */ = {
			isa = PBXGroup;
			children = (
				54E0530E1A85838D00B01B07 /* SPXDataCoordinator.h */,
				54E0530F1A85838D00B01B07 /* SPXDataCoordinator.m */,
				54E0530C1A85838D00B01B07 /* SPXDataCoordinator+UITableView.h */,
				54E0530D1A85838D00B01B07 /* SPXDataCoordinator+UITableView.m */,
				54E0530A1A85838D00B01B07 /* SPXDataCoordinator+UICollectionView.h */,
				54E0530B1A85838D00B01B07 /* SPXDataCoordinator+UICollectionView.m */,
			);
			path = DataCoordinator;
			sourceTree = "<group>";
		};
		54E053101A85838D00B01B07 /* DataProviders */ = {
			isa = PBXGroup;
			children = (
				54E053191A85838D00B01B07 /* SPXDataProvider.h */,
				54E053111A85838D00B01B07 /* SPXArrayConfiguration.h */,
				54E053121A85838D00B01B07 /* SPXArrayConfiguration.m */,
				54E053131A85838D00B01B07 /* SPXArrayDataProvider.h */,
				54E053141A85838D00B01B07 /* SPXArrayDataProvider.m */,
				54E053151A85838D00B01B07 /* SPXCoreDataConfiguration.h */,
				54E053161A85838D00B01B07 /* SPXCoreDataConfiguration.m */,
				54E053171A85838D00B01B07 /* SPXCoreDataDataProvider.h */,
				54E053181A85838D00B01B07 /* SPXCoreDataDataProvider.m */,
				54E0531A1A85838D00B01B07 /* SPXDataProviderConfiguration.h */,
				54E0531B1A85838D00B01B07 /* SPXDataProviderConfiguration.m */,
				54E0531C1A85838D00B01B07 /* SPXDataProviderSectionInfo.h */,
				54E0531D1A85838D00B01B07 /* SPXDataProviderSectionInfo.m */,
			);
			path = DataProviders;
			sourceTree = "<group>";
		};
		54E0531E1A85838D00B01B07 /* DataViews */ = {
			isa = PBXGroup;
			children = (
				54E0531F1A85838D00B01B07 /* SPXDataView.h */,
				54E053201A85838D00B01B07 /* UICollectionView+SPXDataViewAdditions.h */,
				54E053211A85838D00B01B07 /* UICollectionView+SPXDataViewAdditions.m */,
				54E053221A85838D00B01B07 /* UITableView+SPXDataViewAdditions.h */,
				54E053231A85838D00B01B07 /* UITableView+SPXDataViewAdditions.m */,
			);
			path = DataViews;
			sourceTree = "<group>";
		};
		6003F581195388D10070C39A = {
			isa = PBXGroup;
			children = (
				54E053081A85833700B01B07 /* Classes */,
				60FF7A9C1954A5C5007DD14C /* Podspec Metadata */,
				6003F593195388D20070C39A /* SPXDataSources */,
				6003F5B5195388D20070C39A /* Tests */,
				6003F58C195388D20070C39A /* Frameworks */,
				6003F58B195388D20070C39A /* Products */,
				76AA5C5F90588FDCB5CB2690 /* Pods */,
			);
			sourceTree = "<group>";
		};
		6003F58B195388D20070C39A /* Products */ = {
			isa = PBXGroup;
			children = (
				6003F58A195388D20070C39A /* SPXDataSources.app */,
				6003F5AE195388D20070C39A /* Tests.xctest */,
			);
			name = Products;
			sourceTree = "<group>";
		};
		6003F58C195388D20070C39A /* Frameworks */ = {
			isa = PBXGroup;
			children = (
				6003F58D195388D20070C39A /* Foundation.framework */,
				6003F58F195388D20070C39A /* CoreGraphics.framework */,
				6003F591195388D20070C39A /* UIKit.framework */,
				6003F5AF195388D20070C39A /* XCTest.framework */,
				AE33F7CBA93DE9F522718291 /* libPods-SPXDataSources.a */,
				AB22967FE97BC4DFC146EC3C /* libPods-Tests.a */,
			);
			name = Frameworks;
			sourceTree = "<group>";
		};
		6003F593195388D20070C39A /* SPXDataSources */ = {
			isa = PBXGroup;
			children = (
				6003F59C195388D20070C39A /* SPXAppDelegate.h */,
				6003F59D195388D20070C39A /* SPXAppDelegate.m */,
				6003F59F195388D20070C39A /* Main_iPhone.storyboard */,
				6003F5A2195388D20070C39A /* Main_iPad.storyboard */,
				6003F5A5195388D20070C39A /* ArrayViewController.h */,
				6003F5A6195388D20070C39A /* ArrayViewController.m */,
				54A8EFF91AB099640033226A /* CoreDataViewController.h */,
				54A8EFFA1AB099640033226A /* CoreDataViewController.m */,
				54A8EFFC1AB09A0B0033226A /* Model.xcdatamodeld */,
				54A8F0021AB0A4240033226A /* Person.h */,
				54A8F0031AB0A4240033226A /* Person.m */,
				6003F5A8195388D20070C39A /* Images.xcassets */,
				6003F594195388D20070C39A /* Supporting Files */,
			);
			path = SPXDataSources;
			sourceTree = "<group>";
		};
		6003F594195388D20070C39A /* Supporting Files */ = {
			isa = PBXGroup;
			children = (
				6003F595195388D20070C39A /* SPXDataSources-Info.plist */,
				6003F596195388D20070C39A /* InfoPlist.strings */,
				6003F599195388D20070C39A /* main.m */,
				6003F59B195388D20070C39A /* SPXDataSources-Prefix.pch */,
			);
			name = "Supporting Files";
			sourceTree = "<group>";
		};
		6003F5B5195388D20070C39A /* Tests */ = {
			isa = PBXGroup;
			children = (
				6003F5BB195388D20070C39A /* Tests.m */,
				6003F5B6195388D20070C39A /* Supporting Files */,
			);
			path = Tests;
			sourceTree = "<group>";
		};
		6003F5B6195388D20070C39A /* Supporting Files */ = {
			isa = PBXGroup;
			children = (
				6003F5B7195388D20070C39A /* Tests-Info.plist */,
				6003F5B8195388D20070C39A /* InfoPlist.strings */,
				606FC2411953D9B200FFA9A0 /* Tests-Prefix.pch */,
			);
			name = "Supporting Files";
			sourceTree = "<group>";
		};
		60FF7A9C1954A5C5007DD14C /* Podspec Metadata */ = {
			isa = PBXGroup;
			children = (
				4DE569FFFAB69444047AF584 /* SPXDataSources.podspec */,
				6463217C852762C235CCDECB /* README.md */,
				6B7C2A411AC468D266CEE13C /* LICENSE */,
			);
			name = "Podspec Metadata";
			sourceTree = "<group>";
		};
		76AA5C5F90588FDCB5CB2690 /* Pods */ = {
			isa = PBXGroup;
			children = (
				A4FBE7DA5E394FFFFC2474F4 /* Pods-SPXDataSources.debug.xcconfig */,
				91A30794B15A9D8FCC876F60 /* Pods-SPXDataSources.release.xcconfig */,
				D27220133DBC25D3AC8F5C25 /* Pods-Tests.debug.xcconfig */,
				C39966CA5A67CBEC87535DE2 /* Pods-Tests.release.xcconfig */,
			);
			name = Pods;
			sourceTree = "<group>";
		};
/* End PBXGroup section */

/* Begin PBXNativeTarget section */
		6003F589195388D20070C39A /* SPXDataSources */ = {
			isa = PBXNativeTarget;
			buildConfigurationList = 6003F5BF195388D20070C39A /* Build configuration list for PBXNativeTarget "SPXDataSources" */;
			buildPhases = (
				7B88A9BD9CD6216EA051C909 /* Check Pods Manifest.lock */,
				6003F586195388D20070C39A /* Sources */,
				6003F587195388D20070C39A /* Frameworks */,
				6003F588195388D20070C39A /* Resources */,
				8BA629DE6633BCCD5AD2C8D3 /* Copy Pods Resources */,
			);
			buildRules = (
			);
			dependencies = (
			);
			name = SPXDataSources;
			productName = SPXDataSources;
			productReference = 6003F58A195388D20070C39A /* SPXDataSources.app */;
			productType = "com.apple.product-type.application";
		};
		6003F5AD195388D20070C39A /* Tests */ = {
			isa = PBXNativeTarget;
			buildConfigurationList = 6003F5C2195388D20070C39A /* Build configuration list for PBXNativeTarget "Tests" */;
			buildPhases = (
				A96529B028E2B763443A6EA0 /* Check Pods Manifest.lock */,
				6003F5AA195388D20070C39A /* Sources */,
				6003F5AB195388D20070C39A /* Frameworks */,
				6003F5AC195388D20070C39A /* Resources */,
				46ADE08933C84177063A9FEF /* Copy Pods Resources */,
			);
			buildRules = (
			);
			dependencies = (
				6003F5B4195388D20070C39A /* PBXTargetDependency */,
			);
			name = Tests;
			productName = SPXDataSourcesTests;
			productReference = 6003F5AE195388D20070C39A /* Tests.xctest */;
			productType = "com.apple.product-type.bundle.unit-test";
		};
/* End PBXNativeTarget section */

/* Begin PBXProject section */
		6003F582195388D10070C39A /* Project object */ = {
			isa = PBXProject;
			attributes = {
				CLASSPREFIX = SPX;
				LastUpgradeCheck = 0510;
				ORGANIZATIONNAME = "Shaps Mohsenin";
				TargetAttributes = {
					6003F5AD195388D20070C39A = {
						TestTargetID = 6003F589195388D20070C39A;
					};
				};
			};
			buildConfigurationList = 6003F585195388D10070C39A /* Build configuration list for PBXProject "SPXDataSources" */;
			compatibilityVersion = "Xcode 3.2";
			developmentRegion = English;
			hasScannedForEncodings = 0;
			knownRegions = (
				en,
				Base,
			);
			mainGroup = 6003F581195388D10070C39A;
			productRefGroup = 6003F58B195388D20070C39A /* Products */;
			projectDirPath = "";
			projectRoot = "";
			targets = (
				6003F589195388D20070C39A /* SPXDataSources */,
				6003F5AD195388D20070C39A /* Tests */,
			);
		};
/* End PBXProject section */

/* Begin PBXResourcesBuildPhase section */
		6003F588195388D20070C39A /* Resources */ = {
			isa = PBXResourcesBuildPhase;
			buildActionMask = 2147483647;
			files = (
				6003F5A4195388D20070C39A /* Main_iPad.storyboard in Resources */,
				6003F5A9195388D20070C39A /* Images.xcassets in Resources */,
				6003F5A1195388D20070C39A /* Main_iPhone.storyboard in Resources */,
				6003F598195388D20070C39A /* InfoPlist.strings in Resources */,
			);
			runOnlyForDeploymentPostprocessing = 0;
		};
		6003F5AC195388D20070C39A /* Resources */ = {
			isa = PBXResourcesBuildPhase;
			buildActionMask = 2147483647;
			files = (
				6003F5BA195388D20070C39A /* InfoPlist.strings in Resources */,
			);
			runOnlyForDeploymentPostprocessing = 0;
		};
/* End PBXResourcesBuildPhase section */

/* Begin PBXShellScriptBuildPhase section */
		46ADE08933C84177063A9FEF /* Copy Pods Resources */ = {
			isa = PBXShellScriptBuildPhase;
			buildActionMask = 2147483647;
			files = (
			);
			inputPaths = (
			);
			name = "Copy Pods Resources";
			outputPaths = (
			);
			runOnlyForDeploymentPostprocessing = 0;
			shellPath = /bin/sh;
			shellScript = "\"${SRCROOT}/Pods/Target Support Files/Pods-Tests/Pods-Tests-resources.sh\"\n";
			showEnvVarsInLog = 0;
		};
		7B88A9BD9CD6216EA051C909 /* Check Pods Manifest.lock */ = {
			isa = PBXShellScriptBuildPhase;
			buildActionMask = 2147483647;
			files = (
			);
			inputPaths = (
			);
			name = "Check Pods Manifest.lock";
			outputPaths = (
			);
			runOnlyForDeploymentPostprocessing = 0;
			shellPath = /bin/sh;
			shellScript = "diff \"${PODS_ROOT}/../Podfile.lock\" \"${PODS_ROOT}/Manifest.lock\" > /dev/null\nif [[ $? != 0 ]] ; then\n    cat << EOM\nerror: The sandbox is not in sync with the Podfile.lock. Run 'pod install' or update your CocoaPods installation.\nEOM\n    exit 1\nfi\n";
			showEnvVarsInLog = 0;
		};
		8BA629DE6633BCCD5AD2C8D3 /* Copy Pods Resources */ = {
			isa = PBXShellScriptBuildPhase;
			buildActionMask = 2147483647;
			files = (
			);
			inputPaths = (
			);
			name = "Copy Pods Resources";
			outputPaths = (
			);
			runOnlyForDeploymentPostprocessing = 0;
			shellPath = /bin/sh;
			shellScript = "\"${SRCROOT}/Pods/Target Support Files/Pods-SPXDataSources/Pods-SPXDataSources-resources.sh\"\n";
			showEnvVarsInLog = 0;
		};
		A96529B028E2B763443A6EA0 /* Check Pods Manifest.lock */ = {
			isa = PBXShellScriptBuildPhase;
			buildActionMask = 2147483647;
			files = (
			);
			inputPaths = (
			);
			name = "Check Pods Manifest.lock";
			outputPaths = (
			);
			runOnlyForDeploymentPostprocessing = 0;
			shellPath = /bin/sh;
			shellScript = "diff \"${PODS_ROOT}/../Podfile.lock\" \"${PODS_ROOT}/Manifest.lock\" > /dev/null\nif [[ $? != 0 ]] ; then\n    cat << EOM\nerror: The sandbox is not in sync with the Podfile.lock. Run 'pod install' or update your CocoaPods installation.\nEOM\n    exit 1\nfi\n";
			showEnvVarsInLog = 0;
		};
/* End PBXShellScriptBuildPhase section */

/* Begin PBXSourcesBuildPhase section */
		6003F586195388D20070C39A /* Sources */ = {
			isa = PBXSourcesBuildPhase;
			buildActionMask = 2147483647;
			files = (
				54A8F0041AB0A4240033226A /* Person.m in Sources */,
				6003F59E195388D20070C39A /* SPXAppDelegate.m in Sources */,
				54A8EFFB1AB099640033226A /* CoreDataViewController.m in Sources */,
				6003F5A7195388D20070C39A /* ArrayViewController.m in Sources */,
				6003F59A195388D20070C39A /* main.m in Sources */,
				54A8EFFE1AB09A0B0033226A /* Model.xcdatamodeld in Sources */,
			);
			runOnlyForDeploymentPostprocessing = 0;
		};
		6003F5AA195388D20070C39A /* Sources */ = {
			isa = PBXSourcesBuildPhase;
			buildActionMask = 2147483647;
			files = (
				6003F5BC195388D20070C39A /* Tests.m in Sources */,
			);
			runOnlyForDeploymentPostprocessing = 0;
		};
/* End PBXSourcesBuildPhase section */

/* Begin PBXTargetDependency section */
		6003F5B4195388D20070C39A /* PBXTargetDependency */ = {
			isa = PBXTargetDependency;
			target = 6003F589195388D20070C39A /* SPXDataSources */;
			targetProxy = 6003F5B3195388D20070C39A /* PBXContainerItemProxy */;
		};
/* End PBXTargetDependency section */

/* Begin PBXVariantGroup section */
		6003F596195388D20070C39A /* InfoPlist.strings */ = {
			isa = PBXVariantGroup;
			children = (
				6003F597195388D20070C39A /* en */,
			);
			name = InfoPlist.strings;
			sourceTree = "<group>";
		};
		6003F59F195388D20070C39A /* Main_iPhone.storyboard */ = {
			isa = PBXVariantGroup;
			children = (
				6003F5A0195388D20070C39A /* Base */,
			);
			name = Main_iPhone.storyboard;
			sourceTree = "<group>";
		};
		6003F5A2195388D20070C39A /* Main_iPad.storyboard */ = {
			isa = PBXVariantGroup;
			children = (
				6003F5A3195388D20070C39A /* Base */,
			);
			name = Main_iPad.storyboard;
			sourceTree = "<group>";
		};
		6003F5B8195388D20070C39A /* InfoPlist.strings */ = {
			isa = PBXVariantGroup;
			children = (
				6003F5B9195388D20070C39A /* en */,
			);
			name = InfoPlist.strings;
			sourceTree = "<group>";
		};
/* End PBXVariantGroup section */

/* Begin XCBuildConfiguration section */
		6003F5BD195388D20070C39A /* Debug */ = {
			isa = XCBuildConfiguration;
			buildSettings = {
				ALWAYS_SEARCH_USER_PATHS = NO;
				CLANG_CXX_LANGUAGE_STANDARD = "gnu++0x";
				CLANG_CXX_LIBRARY = "libc++";
				CLANG_ENABLE_MODULES = YES;
				CLANG_ENABLE_OBJC_ARC = YES;
				CLANG_WARN_BOOL_CONVERSION = YES;
				CLANG_WARN_CONSTANT_CONVERSION = YES;
				CLANG_WARN_DIRECT_OBJC_ISA_USAGE = YES_ERROR;
				CLANG_WARN_EMPTY_BODY = YES;
				CLANG_WARN_ENUM_CONVERSION = YES;
				CLANG_WARN_INT_CONVERSION = YES;
				CLANG_WARN_OBJC_ROOT_CLASS = YES_ERROR;
				CLANG_WARN__DUPLICATE_METHOD_MATCH = YES;
				"CODE_SIGN_IDENTITY[sdk=iphoneos*]" = "iPhone Developer";
				COPY_PHASE_STRIP = NO;
				GCC_C_LANGUAGE_STANDARD = gnu99;
				GCC_DYNAMIC_NO_PIC = NO;
				GCC_OPTIMIZATION_LEVEL = 0;
				GCC_PREPROCESSOR_DEFINITIONS = (
					"DEBUG=1",
					"$(inherited)",
				);
				GCC_SYMBOLS_PRIVATE_EXTERN = NO;
				GCC_WARN_64_TO_32_BIT_CONVERSION = YES;
				GCC_WARN_ABOUT_RETURN_TYPE = YES_ERROR;
				GCC_WARN_UNDECLARED_SELECTOR = YES;
				GCC_WARN_UNINITIALIZED_AUTOS = YES_AGGRESSIVE;
				GCC_WARN_UNUSED_FUNCTION = YES;
				GCC_WARN_UNUSED_VARIABLE = YES;
				IPHONEOS_DEPLOYMENT_TARGET = 7.1;
				ONLY_ACTIVE_ARCH = YES;
				SDKROOT = iphoneos;
				TARGETED_DEVICE_FAMILY = "1,2";
			};
			name = Debug;
		};
		6003F5BE195388D20070C39A /* Release */ = {
			isa = XCBuildConfiguration;
			buildSettings = {
				ALWAYS_SEARCH_USER_PATHS = NO;
				CLANG_CXX_LANGUAGE_STANDARD = "gnu++0x";
				CLANG_CXX_LIBRARY = "libc++";
				CLANG_ENABLE_MODULES = YES;
				CLANG_ENABLE_OBJC_ARC = YES;
				CLANG_WARN_BOOL_CONVERSION = YES;
				CLANG_WARN_CONSTANT_CONVERSION = YES;
				CLANG_WARN_DIRECT_OBJC_ISA_USAGE = YES_ERROR;
				CLANG_WARN_EMPTY_BODY = YES;
				CLANG_WARN_ENUM_CONVERSION = YES;
				CLANG_WARN_INT_CONVERSION = YES;
				CLANG_WARN_OBJC_ROOT_CLASS = YES_ERROR;
				CLANG_WARN__DUPLICATE_METHOD_MATCH = YES;
				"CODE_SIGN_IDENTITY[sdk=iphoneos*]" = "iPhone Developer";
				COPY_PHASE_STRIP = YES;
				ENABLE_NS_ASSERTIONS = NO;
				GCC_C_LANGUAGE_STANDARD = gnu99;
				GCC_WARN_64_TO_32_BIT_CONVERSION = YES;
				GCC_WARN_ABOUT_RETURN_TYPE = YES_ERROR;
				GCC_WARN_UNDECLARED_SELECTOR = YES;
				GCC_WARN_UNINITIALIZED_AUTOS = YES_AGGRESSIVE;
				GCC_WARN_UNUSED_FUNCTION = YES;
				GCC_WARN_UNUSED_VARIABLE = YES;
				IPHONEOS_DEPLOYMENT_TARGET = 7.1;
				SDKROOT = iphoneos;
				TARGETED_DEVICE_FAMILY = "1,2";
				VALIDATE_PRODUCT = YES;
			};
			name = Release;
		};
		6003F5C0195388D20070C39A /* Debug */ = {
			isa = XCBuildConfiguration;
			baseConfigurationReference = A4FBE7DA5E394FFFFC2474F4 /* Pods-SPXDataSources.debug.xcconfig */;
			buildSettings = {
				ASSETCATALOG_COMPILER_APPICON_NAME = AppIcon;
				ASSETCATALOG_COMPILER_LAUNCHIMAGE_NAME = LaunchImage;
				GCC_PRECOMPILE_PREFIX_HEADER = YES;
				GCC_PREFIX_HEADER = "SPXDataSources/SPXDataSources-Prefix.pch";
				INFOPLIST_FILE = "SPXDataSources/SPXDataSources-Info.plist";
				PRODUCT_NAME = "$(TARGET_NAME)";
				WRAPPER_EXTENSION = app;
			};
			name = Debug;
		};
		6003F5C1195388D20070C39A /* Release */ = {
			isa = XCBuildConfiguration;
			baseConfigurationReference = 91A30794B15A9D8FCC876F60 /* Pods-SPXDataSources.release.xcconfig */;
			buildSettings = {
				ASSETCATALOG_COMPILER_APPICON_NAME = AppIcon;
				ASSETCATALOG_COMPILER_LAUNCHIMAGE_NAME = LaunchImage;
				GCC_PRECOMPILE_PREFIX_HEADER = YES;
				GCC_PREFIX_HEADER = "SPXDataSources/SPXDataSources-Prefix.pch";
				INFOPLIST_FILE = "SPXDataSources/SPXDataSources-Info.plist";
				PRODUCT_NAME = "$(TARGET_NAME)";
				WRAPPER_EXTENSION = app;
			};
			name = Release;
		};
		6003F5C3195388D20070C39A /* Debug */ = {
			isa = XCBuildConfiguration;
			baseConfigurationReference = D27220133DBC25D3AC8F5C25 /* Pods-Tests.debug.xcconfig */;
			buildSettings = {
				BUNDLE_LOADER = "$(BUILT_PRODUCTS_DIR)/SPXDataSources.app/SPXDataSources";
				FRAMEWORK_SEARCH_PATHS = (
					"$(SDKROOT)/Developer/Library/Frameworks",
					"$(inherited)",
					"$(DEVELOPER_FRAMEWORKS_DIR)",
				);
				GCC_PRECOMPILE_PREFIX_HEADER = YES;
				GCC_PREFIX_HEADER = "Tests/Tests-Prefix.pch";
				GCC_PREPROCESSOR_DEFINITIONS = (
					"DEBUG=1",
					"$(inherited)",
				);
				INFOPLIST_FILE = "Tests/Tests-Info.plist";
				PRODUCT_NAME = "$(TARGET_NAME)";
				TEST_HOST = "$(BUNDLE_LOADER)";
				WRAPPER_EXTENSION = xctest;
			};
			name = Debug;
		};
		6003F5C4195388D20070C39A /* Release */ = {
			isa = XCBuildConfiguration;
			baseConfigurationReference = C39966CA5A67CBEC87535DE2 /* Pods-Tests.release.xcconfig */;
			buildSettings = {
				BUNDLE_LOADER = "$(BUILT_PRODUCTS_DIR)/SPXDataSources.app/SPXDataSources";
				FRAMEWORK_SEARCH_PATHS = (
					"$(SDKROOT)/Developer/Library/Frameworks",
					"$(inherited)",
					"$(DEVELOPER_FRAMEWORKS_DIR)",
				);
				GCC_PRECOMPILE_PREFIX_HEADER = YES;
				GCC_PREFIX_HEADER = "Tests/Tests-Prefix.pch";
				INFOPLIST_FILE = "Tests/Tests-Info.plist";
				PRODUCT_NAME = "$(TARGET_NAME)";
				TEST_HOST = "$(BUNDLE_LOADER)";
				WRAPPER_EXTENSION = xctest;
			};
			name = Release;
		};
/* End XCBuildConfiguration section */

/* Begin XCConfigurationList section */
		6003F585195388D10070C39A /* Build configuration list for PBXProject "SPXDataSources" */ = {
			isa = XCConfigurationList;
			buildConfigurations = (
				6003F5BD195388D20070C39A /* Debug */,
				6003F5BE195388D20070C39A /* Release */,
			);
			defaultConfigurationIsVisible = 0;
			defaultConfigurationName = Release;
		};
		6003F5BF195388D20070C39A /* Build configuration list for PBXNativeTarget "SPXDataSources" */ = {
			isa = XCConfigurationList;
			buildConfigurations = (
				6003F5C0195388D20070C39A /* Debug */,
				6003F5C1195388D20070C39A /* Release */,
			);
			defaultConfigurationIsVisible = 0;
			defaultConfigurationName = Release;
		};
		6003F5C2195388D20070C39A /* Build configuration list for PBXNativeTarget "Tests" */ = {
			isa = XCConfigurationList;
			buildConfigurations = (
				6003F5C3195388D20070C39A /* Debug */,
				6003F5C4195388D20070C39A /* Release */,
			);
			defaultConfigurationIsVisible = 0;
			defaultConfigurationName = Release;
		};
/* End XCConfigurationList section */

/* Begin XCVersionGroup section */
		54A8EFFC1AB09A0B0033226A /* Model.xcdatamodeld */ = {
			isa = XCVersionGroup;
			children = (
				54A8EFFD1AB09A0B0033226A /* Model.xcdatamodel */,
			);
			currentVersion = 54A8EFFD1AB09A0B0033226A /* Model.xcdatamodel */;
			path = Model.xcdatamodeld;
			sourceTree = "<group>";
			versionGroupType = wrapper.xcdatamodel;
		};
/* End XCVersionGroup section */
	};
	rootObject = 6003F582195388D10070C39A /* Project object */;
}
